
Microsoft Visual Studio Solution File, Format Version 12.00
# Visual Studio Version 16
VisualStudioVersion = 16.0.28922.388
MinimumVisualStudioVersion = 10.0.40219.1
Project("{FAE04EC0-301F-11D3-BF4B-00C04F79EFBC}") = "Entrega3", "Entrega3\Entrega3.csproj", "{29C25448-B7AC-4488-A891-D7AE80BE2BA8}"
EndProject
Global
	GlobalSection(SolutionConfigurationPlatforms) = preSolution
		Debug|Any CPU = Debug|Any CPU
		Release|Any CPU = Release|Any CPU
	EndGlobalSection
	GlobalSection(ProjectConfigurationPlatforms) = postSolution
		{29C25448-B7AC-4488-A891-D7AE80BE2BA8}.Debug|Any CPU.ActiveCfg = Debug|Any CPU
		{29C25448-B7AC-4488-A891-D7AE80BE2BA8}.Debug|Any CPU.Build.0 = Debug|Any CPU
		{29C25448-B7AC-4488-A891-D7AE80BE2BA8}.Release|Any CPU.ActiveCfg = Release|Any CPU
		{29C25448-B7AC-4488-A891-D7AE80BE2BA8}.Release|Any CPU.Build.0 = Release|Any CPU
	EndGlobalSection
	GlobalSection(SolutionProperties) = preSolution
		HideSolutionNode = FALSE
	EndGlobalSection
	GlobalSection(ExtensibilityGlobals) = postSolution
		SolutionGuid = {00938285-D40F-49C6-91A4-EBCBDD5C7C27}
	EndGlobalSection
EndGlobal
